// !$*UTF8*$!
{
	archiveVersion = 1;
	classes = {
	};
	objectVersion = 48;
	objects = {

/* Begin PBXBuildFile section */
		5D4A57AB64524674F22ECA48 /* Pods_FRP_book_RxSwift.framework in Frameworks */ = {isa = PBXBuildFile; fileRef = ECC276B4F44DAB7772135AFA /* Pods_FRP_book_RxSwift.framework */; };
		E393A5991F9BAE5E000D90FA /* AppDelegate.swift in Sources */ = {isa = PBXBuildFile; fileRef = E393A5981F9BAE5E000D90FA /* AppDelegate.swift */; };
		E393A59B1F9BAE5E000D90FA /* ViewController.swift in Sources */ = {isa = PBXBuildFile; fileRef = E393A59A1F9BAE5E000D90FA /* ViewController.swift */; };
		E393A59E1F9BAE5E000D90FA /* Main.storyboard in Resources */ = {isa = PBXBuildFile; fileRef = E393A59C1F9BAE5E000D90FA /* Main.storyboard */; };
		E393A5A01F9BAE5E000D90FA /* Assets.xcassets in Resources */ = {isa = PBXBuildFile; fileRef = E393A59F1F9BAE5E000D90FA /* Assets.xcassets */; };
		E393A5A31F9BAE5E000D90FA /* LaunchScreen.storyboard in Resources */ = {isa = PBXBuildFile; fileRef = E393A5A11F9BAE5E000D90FA /* LaunchScreen.storyboard */; };
/* End PBXBuildFile section */

/* Begin PBXFileReference section */
		B1F54E2ADC8444FF9595241C /* Pods-FRP-book-RxSwift.release.xcconfig */ = {isa = PBXFileReference; includeInIndex = 1; lastKnownFileType = text.xcconfig; name = "Pods-FRP-book-RxSwift.release.xcconfig"; path = "Pods/Target Support Files/Pods-FRP-book-RxSwift/Pods-FRP-book-RxSwift.release.xcconfig"; sourceTree = "<group>"; };
		E323F4F91F9C6ACB002600A4 /* swidgets.playground */ = {isa = PBXFileReference; lastKnownFileType = file.playground; path = swidgets.playground; sourceTree = "<group>"; xcLanguageSpecificationIdentifier = xcode.lang.swift; };
		E393A5951F9BAE5E000D90FA /* FRP-book-RxSwift.app */ = {isa = PBXFileReference; explicitFileType = wrapper.application; includeInIndex = 0; path = "FRP-book-RxSwift.app"; sourceTree = BUILT_PRODUCTS_DIR; };
		E393A5981F9BAE5E000D90FA /* AppDelegate.swift */ = {isa = PBXFileReference; lastKnownFileType = sourcecode.swift; path = AppDelegate.swift; sourceTree = "<group>"; };
		E393A59A1F9BAE5E000D90FA /* ViewController.swift */ = {isa = PBXFileReference; lastKnownFileType = sourcecode.swift; path = ViewController.swift; sourceTree = "<group>"; };
		E393A59D1F9BAE5E000D90FA /* Base */ = {isa = PBXFileReference; lastKnownFileType = file.storyboard; name = Base; path = Base.lproj/Main.storyboard; sourceTree = "<group>"; };
		E393A59F1F9BAE5E000D90FA /* Assets.xcassets */ = {isa = PBXFileReference; lastKnownFileType = folder.assetcatalog; path = Assets.xcassets; sourceTree = "<group>"; };
		E393A5A21F9BAE5E000D90FA /* Base */ = {isa = PBXFileReference; lastKnownFileType = file.storyboard; name = Base; path = Base.lproj/LaunchScreen.storyboard; sourceTree = "<group>"; };
		E393A5A41F9BAE5E000D90FA /* Info.plist */ = {isa = PBXFileReference; lastKnownFileType = text.plist.xml; path = Info.plist; sourceTree = "<group>"; };
		E4AD6DAB0E724B5238A9E49C /* Pods-FRP-book-RxSwift.debug.xcconfig */ = {isa = PBXFileReference; includeInIndex = 1; lastKnownFileType = text.xcconfig; name = "Pods-FRP-book-RxSwift.debug.xcconfig"; path = "Pods/Target Support Files/Pods-FRP-book-RxSwift/Pods-FRP-book-RxSwift.debug.xcconfig"; sourceTree = "<group>"; };
		ECC276B4F44DAB7772135AFA /* Pods_FRP_book_RxSwift.framework */ = {isa = PBXFileReference; explicitFileType = wrapper.framework; includeInIndex = 0; path = Pods_FRP_book_RxSwift.framework; sourceTree = BUILT_PRODUCTS_DIR; };
/* End PBXFileReference section */

/* Begin PBXFrameworksBuildPhase section */
		E393A5921F9BAE5E000D90FA /* Frameworks */ = {
			isa = PBXFrameworksBuildPhase;
			buildActionMask = 2147483647;
			files = (
				5D4A57AB64524674F22ECA48 /* Pods_FRP_book_RxSwift.framework in Frameworks */,
			);
			runOnlyForDeploymentPostprocessing = 0;
		};
/* End PBXFrameworksBuildPhase section */

/* Begin PBXGroup section */
		BE5FA17333E24E369B22D4B6 /* Frameworks */ = {
			isa = PBXGroup;
			children = (
				ECC276B4F44DAB7772135AFA /* Pods_FRP_book_RxSwift.framework */,
			);
			name = Frameworks;
			sourceTree = "<group>";
		};
		DB664667E9F7108467CB5E92 /* Pods */ = {
			isa = PBXGroup;
			children = (
				E4AD6DAB0E724B5238A9E49C /* Pods-FRP-book-RxSwift.debug.xcconfig */,
				B1F54E2ADC8444FF9595241C /* Pods-FRP-book-RxSwift.release.xcconfig */,
			);
			name = Pods;
			sourceTree = "<group>";
		};
		E393A58C1F9BAE5E000D90FA = {
			isa = PBXGroup;
			children = (
				E3CFE5FD1F9C797C0041B74B /* Playground */,
				E393A5971F9BAE5E000D90FA /* FRP-book-RxSwift */,
				E393A5961F9BAE5E000D90FA /* Products */,
				DB664667E9F7108467CB5E92 /* Pods */,
				BE5FA17333E24E369B22D4B6 /* Frameworks */,
			);
			sourceTree = "<group>";
		};
		E393A5961F9BAE5E000D90FA /* Products */ = {
			isa = PBXGroup;
			children = (
				E393A5951F9BAE5E000D90FA /* FRP-book-RxSwift.app */,
			);
			name = Products;
			sourceTree = "<group>";
		};
		E393A5971F9BAE5E000D90FA /* FRP-book-RxSwift */ = {
			isa = PBXGroup;
			children = (
				E393A5981F9BAE5E000D90FA /* AppDelegate.swift */,
				E393A59A1F9BAE5E000D90FA /* ViewController.swift */,
				E393A59C1F9BAE5E000D90FA /* Main.storyboard */,
				E393A59F1F9BAE5E000D90FA /* Assets.xcassets */,
				E393A5A11F9BAE5E000D90FA /* LaunchScreen.storyboard */,
				E393A5A41F9BAE5E000D90FA /* Info.plist */,
			);
			path = "FRP-book-RxSwift";
			sourceTree = "<group>";
		};
		E3CFE5FD1F9C797C0041B74B /* Playground */ = {
			isa = PBXGroup;
			children = (
				E323F4F91F9C6ACB002600A4 /* swidgets.playground */,
			);
			path = Playground;
			sourceTree = "<group>";
		};
/* End PBXGroup section */

/* Begin PBXNativeTarget section */
		E393A5941F9BAE5E000D90FA /* FRP-book-RxSwift */ = {
			isa = PBXNativeTarget;
			buildConfigurationList = E393A5A71F9BAE5E000D90FA /* Build configuration list for PBXNativeTarget "FRP-book-RxSwift" */;
			buildPhases = (
				EE337959EA9FF09A35786600 /* [CP] Check Pods Manifest.lock */,
				E393A5911F9BAE5E000D90FA /* Sources */,
				E393A5921F9BAE5E000D90FA /* Frameworks */,
				E393A5931F9BAE5E000D90FA /* Resources */,
				F8064EE06E1919B1ED04B0AD /* [CP] Embed Pods Frameworks */,
				DAEAA73EC670B80CD47EEEEE /* [CP] Copy Pods Resources */,
			);
			buildRules = (
			);
			dependencies = (
			);
			name = "FRP-book-RxSwift";
			productName = "FRP-book-RxSwift";
			productReference = E393A5951F9BAE5E000D90FA /* FRP-book-RxSwift.app */;
			productType = "com.apple.product-type.application";
		};
/* End PBXNativeTarget section */

/* Begin PBXProject section */
		E393A58D1F9BAE5E000D90FA /* Project object */ = {
			isa = PBXProject;
			attributes = {
				LastSwiftUpdateCheck = 0900;
				LastUpgradeCheck = 0900;
				ORGANIZATIONNAME = star__hoshi;
				TargetAttributes = {
					E393A5941F9BAE5E000D90FA = {
						CreatedOnToolsVersion = 9.0.1;
						ProvisioningStyle = Automatic;
					};
				};
			};
			buildConfigurationList = E393A5901F9BAE5E000D90FA /* Build configuration list for PBXProject "FRP-book-RxSwift" */;
			compatibilityVersion = "Xcode 8.0";
			developmentRegion = en;
			hasScannedForEncodings = 0;
			knownRegions = (
				en,
				Base,
			);
			mainGroup = E393A58C1F9BAE5E000D90FA;
			productRefGroup = E393A5961F9BAE5E000D90FA /* Products */;
			projectDirPath = "";
			projectRoot = "";
			targets = (
				E393A5941F9BAE5E000D90FA /* FRP-book-RxSwift */,
			);
		};
/* End PBXProject section */

/* Begin PBXResourcesBuildPhase section */
		E393A5931F9BAE5E000D90FA /* Resources */ = {
			isa = PBXResourcesBuildPhase;
			buildActionMask = 2147483647;
			files = (
				E393A5A31F9BAE5E000D90FA /* LaunchScreen.storyboard in Resources */,
				E393A5A01F9BAE5E000D90FA /* Assets.xcassets in Resources */,
				E393A59E1F9BAE5E000D90FA /* Main.storyboard in Resources */,
			);
			runOnlyForDeploymentPostprocessing = 0;
		};
/* End PBXResourcesBuildPhase section */

/* Begin PBXShellScriptBuildPhase section */
		DAEAA73EC670B80CD47EEEEE /* [CP] Copy Pods Resources */ = {
			isa = PBXShellScriptBuildPhase;
			buildActionMask = 2147483647;
			files = (
			);
			inputPaths = (
			);
			name = "[CP] Copy Pods Resources";
			outputPaths = (
			);
			runOnlyForDeploymentPostprocessing = 0;
			shellPath = /bin/sh;
			shellScript = "\"${SRCROOT}/Pods/Target Support Files/Pods-FRP-book-RxSwift/Pods-FRP-book-RxSwift-resources.sh\"\n";
			showEnvVarsInLog = 0;
		};
		EE337959EA9FF09A35786600 /* [CP] Check Pods Manifest.lock */ = {
			isa = PBXShellScriptBuildPhase;
			buildActionMask = 2147483647;
			files = (
			);
			inputPaths = (
				"${PODS_PODFILE_DIR_PATH}/Podfile.lock",
				"${PODS_ROOT}/Manifest.lock",
			);
			name = "[CP] Check Pods Manifest.lock";
			outputPaths = (
				"$(DERIVED_FILE_DIR)/Pods-FRP-book-RxSwift-checkManifestLockResult.txt",
			);
			runOnlyForDeploymentPostprocessing = 0;
			shellPath = /bin/sh;
			shellScript = "diff \"${PODS_PODFILE_DIR_PATH}/Podfile.lock\" \"${PODS_ROOT}/Manifest.lock\" > /dev/null\nif [ $? != 0 ] ; then\n    # print error to STDERR\n    echo \"error: The sandbox is not in sync with the Podfile.lock. Run 'pod install' or update your CocoaPods installation.\" >&2\n    exit 1\nfi\n# This output is used by Xcode 'outputs' to avoid re-running this script phase.\necho \"SUCCESS\" > \"${SCRIPT_OUTPUT_FILE_0}\"\n";
			showEnvVarsInLog = 0;
		};
		F8064EE06E1919B1ED04B0AD /* [CP] Embed Pods Frameworks */ = {
			isa = PBXShellScriptBuildPhase;
			buildActionMask = 2147483647;
			files = (
			);
			inputPaths = (
				"${SRCROOT}/Pods/Target Support Files/Pods-FRP-book-RxSwift/Pods-FRP-book-RxSwift-frameworks.sh",
				"${BUILT_PRODUCTS_DIR}/RxCocoa/RxCocoa.framework",
				"${BUILT_PRODUCTS_DIR}/RxSwift/RxSwift.framework",
			);
			name = "[CP] Embed Pods Frameworks";
			outputPaths = (
				"${TARGET_BUILD_DIR}/${FRAMEWORKS_FOLDER_PATH}/RxCocoa.framework",
				"${TARGET_BUILD_DIR}/${FRAMEWORKS_FOLDER_PATH}/RxSwift.framework",
			);
			runOnlyForDeploymentPostprocessing = 0;
			shellPath = /bin/sh;
			shellScript = "\"${SRCROOT}/Pods/Target Support Files/Pods-FRP-book-RxSwift/Pods-FRP-book-RxSwift-frameworks.sh\"\n";
			showEnvVarsInLog = 0;
		};
/* End PBXShellScriptBuildPhase section */

/* Begin PBXSourcesBuildPhase section */
		E393A5911F9BAE5E000D90FA /* Sources */ = {
			isa = PBXSourcesBuildPhase;
			buildActionMask = 2147483647;
			files = (
				E393A59B1F9BAE5E000D90FA /* ViewController.swift in Sources */,
				E393A5991F9BAE5E000D90FA /* AppDelegate.swift in Sources */,
			);
			runOnlyForDeploymentPostprocessing = 0;
		};
/* End PBXSourcesBuildPhase section */

/* Begin PBXVariantGroup section */
		E393A59C1F9BAE5E000D90FA /* Main.storyboard */ = {
			isa = PBXVariantGroup;
			children = (
				E393A59D1F9BAE5E000D90FA /* Base */,
			);
			name = Main.storyboard;
			sourceTree = "<group>";
		};
		E393A5A11F9BAE5E000D90FA /* LaunchScreen.storyboard */ = {
			isa = PBXVariantGroup;
			children = (
				E393A5A21F9BAE5E000D90FA /* Base */,
			);
			name = LaunchScreen.storyboard;
			sourceTree = "<group>";
		};
/* End PBXVariantGroup section */

/* Begin XCBuildConfiguration section */
		E393A5A51F9BAE5E000D90FA /* Debug */ = {
			isa = XCBuildConfiguration;
			buildSettings = {
				ALWAYS_SEARCH_USER_PATHS = NO;
				CLANG_ANALYZER_NONNULL = YES;
				CLANG_ANALYZER_NUMBER_OBJECT_CONVERSION = YES_AGGRESSIVE;
				CLANG_CXX_LANGUAGE_STANDARD = "gnu++14";
				CLANG_CXX_LIBRARY = "libc++";
				CLANG_ENABLE_MODULES = YES;
				CLANG_ENABLE_OBJC_ARC = YES;
				CLANG_WARN_BLOCK_CAPTURE_AUTORELEASING = YES;
				CLANG_WARN_BOOL_CONVERSION = YES;
				CLANG_WARN_COMMA = YES;
				CLANG_WARN_CONSTANT_CONVERSION = YES;
				CLANG_WARN_DIRECT_OBJC_ISA_USAGE = YES_ERROR;
				CLANG_WARN_DOCUMENTATION_COMMENTS = YES;
				CLANG_WARN_EMPTY_BODY = YES;
				CLANG_WARN_ENUM_CONVERSION = YES;
				CLANG_WARN_INFINITE_RECURSION = YES;
				CLANG_WARN_INT_CONVERSION = YES;
				CLANG_WARN_NON_LITERAL_NULL_CONVERSION = YES;
				CLANG_WARN_OBJC_LITERAL_CONVERSION = YES;
				CLANG_WARN_OBJC_ROOT_CLASS = YES_ERROR;
				CLANG_WARN_RANGE_LOOP_ANALYSIS = YES;
				CLANG_WARN_STRICT_PROTOTYPES = YES;
				CLANG_WARN_SUSPICIOUS_MOVE = YES;
				CLANG_WARN_UNGUARDED_AVAILABILITY = YES_AGGRESSIVE;
				CLANG_WARN_UNREACHABLE_CODE = YES;
				CLANG_WARN__DUPLICATE_METHOD_MATCH = YES;
				CODE_SIGN_IDENTITY = "iPhone Developer";
				COPY_PHASE_STRIP = NO;
				DEBUG_INFORMATION_FORMAT = dwarf;
				ENABLE_STRICT_OBJC_MSGSEND = YES;
				ENABLE_TESTABILITY = YES;
				GCC_C_LANGUAGE_STANDARD = gnu11;
				GCC_DYNAMIC_NO_PIC = NO;
				GCC_NO_COMMON_BLOCKS = YES;
				GCC_OPTIMIZATION_LEVEL = 0;
				GCC_PREPROCESSOR_DEFINITIONS = (
					"DEBUG=1",
					"$(inherited)",
				);
				GCC_WARN_64_TO_32_BIT_CONVERSION = YES;
				GCC_WARN_ABOUT_RETURN_TYPE = YES_ERROR;
				GCC_WARN_UNDECLARED_SELECTOR = YES;
				GCC_WARN_UNINITIALIZED_AUTOS = YES_AGGRESSIVE;
				GCC_WARN_UNUSED_FUNCTION = YES;
				GCC_WARN_UNUSED_VARIABLE = YES;
				IPHONEOS_DEPLOYMENT_TARGET = 11.0;
				MTL_ENABLE_DEBUG_INFO = YES;
				ONLY_ACTIVE_ARCH = YES;
				SDKROOT = iphoneos;
				SWIFT_ACTIVE_COMPILATION_CONDITIONS = DEBUG;
				SWIFT_OPTIMIZATION_LEVEL = "-Onone";
			};
			name = Debug;
		};
		E393A5A61F9BAE5E000D90FA /* Release */ = {
			isa = XCBuildConfiguration;
			buildSettings = {
				ALWAYS_SEARCH_USER_PATHS = NO;
				CLANG_ANALYZER_NONNULL = YES;
				CLANG_ANALYZER_NUMBER_OBJECT_CONVERSION = YES_AGGRESSIVE;
				CLANG_CXX_LANGUAGE_STANDARD = "gnu++14";
				CLANG_CXX_LIBRARY = "libc++";
				CLANG_ENABLE_MODULES = YES;
				CLANG_ENABLE_OBJC_ARC = YES;
				CLANG_WARN_BLOCK_CAPTURE_AUTORELEASING = YES;
				CLANG_WARN_BOOL_CONVERSION = YES;
				CLANG_WARN_COMMA = YES;
				CLANG_WARN_CONSTANT_CONVERSION = YES;
				CLANG_WARN_DIRECT_OBJC_ISA_USAGE = YES_ERROR;
				CLANG_WARN_DOCUMENTATION_COMMENTS = YES;
				CLANG_WARN_EMPTY_BODY = YES;
				CLANG_WARN_ENUM_CONVERSION = YES;
				CLANG_WARN_INFINITE_RECURSION = YES;
				CLANG_WARN_INT_CONVERSION = YES;
				CLANG_WARN_NON_LITERAL_NULL_CONVERSION = YES;
				CLANG_WARN_OBJC_LITERAL_CONVERSION = YES;
				CLANG_WARN_OBJC_ROOT_CLASS = YES_ERROR;
				CLANG_WARN_RANGE_LOOP_ANALYSIS = YES;
				CLANG_WARN_STRICT_PROTOTYPES = YES;
				CLANG_WARN_SUSPICIOUS_MOVE = YES;
				CLANG_WARN_UNGUARDED_AVAILABILITY = YES_AGGRESSIVE;
				CLANG_WARN_UNREACHABLE_CODE = YES;
				CLANG_WARN__DUPLICATE_METHOD_MATCH = YES;
				CODE_SIGN_IDENTITY = "iPhone Developer";
				COPY_PHASE_STRIP = NO;
				DEBUG_INFORMATION_FORMAT = "dwarf-with-dsym";
				ENABLE_NS_ASSERTIONS = NO;
				ENABLE_STRICT_OBJC_MSGSEND = YES;
				GCC_C_LANGUAGE_STANDARD = gnu11;
				GCC_NO_COMMON_BLOCKS = YES;
				GCC_WARN_64_TO_32_BIT_CONVERSION = YES;
				GCC_WARN_ABOUT_RETURN_TYPE = YES_ERROR;
				GCC_WARN_UNDECLARED_SELECTOR = YES;
				GCC_WARN_UNINITIALIZED_AUTOS = YES_AGGRESSIVE;
				GCC_WARN_UNUSED_FUNCTION = YES;
				GCC_WARN_UNUSED_VARIABLE = YES;
				IPHONEOS_DEPLOYMENT_TARGET = 11.0;
				MTL_ENABLE_DEBUG_INFO = NO;
				SDKROOT = iphoneos;
				SWIFT_OPTIMIZATION_LEVEL = "-Owholemodule";
				VALIDATE_PRODUCT = YES;
			};
			name = Release;
		};
		E393A5A81F9BAE5E000D90FA /* Debug */ = {
			isa = XCBuildConfiguration;
			baseConfigurationReference = E4AD6DAB0E724B5238A9E49C /* Pods-FRP-book-RxSwift.debug.xcconfig */;
			buildSettings = {
				ASSETCATALOG_COMPILER_APPICON_NAME = AppIcon;
				CODE_SIGN_STYLE = Automatic;
				DEVELOPMENT_TEAM = 5J5Q4ZGXZR;
				INFOPLIST_FILE = "FRP-book-RxSwift/Info.plist";
				LD_RUNPATH_SEARCH_PATHS = "$(inherited) @executable_path/Frameworks";
				PRODUCT_BUNDLE_IDENTIFIER = "com.starhoshi.FRP-book-RxSwift";
				PRODUCT_NAME = "$(TARGET_NAME)";
				SWIFT_VERSION = 4.0;
				TARGETED_DEVICE_FAMILY = "1,2";
			};
			name = Debug;
		};
		E393A5A91F9BAE5E000D90FA /* Release */ = {
			isa = XCBuildConfiguration;
			baseConfigurationReference = B1F54E2ADC8444FF9595241C /* Pods-FRP-book-RxSwift.release.xcconfig */;
			buildSettings = {
				ASSETCATALOG_COMPILER_APPICON_NAME = AppIcon;
				CODE_SIGN_STYLE = Automatic;
				DEVELOPMENT_TEAM = 5J5Q4ZGXZR;
				INFOPLIST_FILE = "FRP-book-RxSwift/Info.plist";
				LD_RUNPATH_SEARCH_PATHS = "$(inherited) @executable_path/Frameworks";
				PRODUCT_BUNDLE_IDENTIFIER = "com.starhoshi.FRP-book-RxSwift";
				PRODUCT_NAME = "$(TARGET_NAME)";
				SWIFT_VERSION = 4.0;
				TARGETED_DEVICE_FAMILY = "1,2";
			};
			name = Release;
		};
/* End XCBuildConfiguration section */

/* Begin XCConfigurationList section */
		E393A5901F9BAE5E000D90FA /* Build configuration list for PBXProject "FRP-book-RxSwift" */ = {
			isa = XCConfigurationList;
			buildConfigurations = (
				E393A5A51F9BAE5E000D90FA /* Debug */,
				E393A5A61F9BAE5E000D90FA /* Release */,
			);
			defaultConfigurationIsVisible = 0;
			defaultConfigurationName = Release;
		};
		E393A5A71F9BAE5E000D90FA /* Build configuration list for PBXNativeTarget "FRP-book-RxSwift" */ = {
			isa = XCConfigurationList;
			buildConfigurations = (
				E393A5A81F9BAE5E000D90FA /* Debug */,
				E393A5A91F9BAE5E000D90FA /* Release */,
			);
			defaultConfigurationIsVisible = 0;
			defaultConfigurationName = Release;
		};
/* End XCConfigurationList section */
	};
	rootObject = E393A58D1F9BAE5E000D90FA /* Project object */;
}
